
Microsoft Visual Studio Solution File, Format Version 12.00
# Visual Studio Version 16
VisualStudioVersion = 16.0.30907.101
MinimumVisualStudioVersion = 10.0.40219.1
Project("{FAE04EC0-301F-11D3-BF4B-00C04F79EFBC}") = "HotelListing", "HotelListing\HotelListing.csproj", "{7537E40F-F9AE-485C-8AA8-A45FA31A9CDC}"
EndProject
Global
	GlobalSection(SolutionConfigurationPlatforms) = preSolution
		Debug|Any CPU = Debug|Any CPU
		Release|Any CPU = Release|Any CPU
	EndGlobalSection
	GlobalSection(ProjectConfigurationPlatforms) = postSolution
		{7537E40F-F9AE-485C-8AA8-A45FA31A9CDC}.Debug|Any CPU.ActiveCfg = Debug|Any CPU
		{7537E40F-F9AE-485C-8AA8-A45FA31A9CDC}.Debug|Any CPU.Build.0 = Debug|Any CPU
		{7537E40F-F9AE-485C-8AA8-A45FA31A9CDC}.Release|Any CPU.ActiveCfg = Release|Any CPU
		{7537E40F-F9AE-485C-8AA8-A45FA31A9CDC}.Release|Any CPU.Build.0 = Release|Any CPU
	EndGlobalSection
	GlobalSection(SolutionProperties) = preSolution
		HideSolutionNode = FALSE
	EndGlobalSection
	GlobalSection(ExtensibilityGlobals) = postSolution
		SolutionGuid = {211A2C74-D624-48D3-8493-0F7649FDB14B}
	EndGlobalSection
EndGlobal
