
Microsoft Visual Studio Solution File, Format Version 12.00
# Visual Studio Version 16
VisualStudioVersion = 16.0.31729.503
MinimumVisualStudioVersion = 10.0.40219.1
Project("{9A19103F-16F7-4668-BE54-9A1E7A4F7556}") = "HotelListing", "HotelListing\HotelListing.csproj", "{7537E40F-F9AE-485C-8AA8-A45FA31A9CDC}"
EndProject
Project("{FAE04EC0-301F-11D3-BF4B-00C04F79EFBC}") = "HotelListing.Data", "HotelListing.Data\HotelListing.Data.csproj", "{2888D6B3-A1E8-4699-B118-0536E2CD28A3}"
EndProject
Project("{FAE04EC0-301F-11D3-BF4B-00C04F79EFBC}") = "HotelListing.Core", "HotelListing.Core\HotelListing.Core.csproj", "{0086CABA-C0B1-4465-AB01-4826B6B2B2C9}"
EndProject
Global
	GlobalSection(SolutionConfigurationPlatforms) = preSolution
		Debug|Any CPU = Debug|Any CPU
		Release|Any CPU = Release|Any CPU
	EndGlobalSection
	GlobalSection(ProjectConfigurationPlatforms) = postSolution
		{7537E40F-F9AE-485C-8AA8-A45FA31A9CDC}.Debug|Any CPU.ActiveCfg = Debug|Any CPU
		{7537E40F-F9AE-485C-8AA8-A45FA31A9CDC}.Debug|Any CPU.Build.0 = Debug|Any CPU
		{7537E40F-F9AE-485C-8AA8-A45FA31A9CDC}.Release|Any CPU.ActiveCfg = Release|Any CPU
		{7537E40F-F9AE-485C-8AA8-A45FA31A9CDC}.Release|Any CPU.Build.0 = Release|Any CPU
		{2888D6B3-A1E8-4699-B118-0536E2CD28A3}.Debug|Any CPU.ActiveCfg = Debug|Any CPU
		{2888D6B3-A1E8-4699-B118-0536E2CD28A3}.Debug|Any CPU.Build.0 = Debug|Any CPU
		{2888D6B3-A1E8-4699-B118-0536E2CD28A3}.Release|Any CPU.ActiveCfg = Release|Any CPU
		{2888D6B3-A1E8-4699-B118-0536E2CD28A3}.Release|Any CPU.Build.0 = Release|Any CPU
		{0086CABA-C0B1-4465-AB01-4826B6B2B2C9}.Debug|Any CPU.ActiveCfg = Debug|Any CPU
		{0086CABA-C0B1-4465-AB01-4826B6B2B2C9}.Debug|Any CPU.Build.0 = Debug|Any CPU
		{0086CABA-C0B1-4465-AB01-4826B6B2B2C9}.Release|Any CPU.ActiveCfg = Release|Any CPU
		{0086CABA-C0B1-4465-AB01-4826B6B2B2C9}.Release|Any CPU.Build.0 = Release|Any CPU
	EndGlobalSection
	GlobalSection(SolutionProperties) = preSolution
		HideSolutionNode = FALSE
	EndGlobalSection
	GlobalSection(ExtensibilityGlobals) = postSolution
		SolutionGuid = {211A2C74-D624-48D3-8493-0F7649FDB14B}
	EndGlobalSection
EndGlobal
